// !$*UTF8*$!
{
	archiveVersion = 1;
	classes = {
	};
	objectVersion = 50;
	objects = {

/* Begin PBXBuildFile section */
		AAB1656C2D93583D68823F51 /* Pods_taskapp.framework in Frameworks */ = {isa = PBXBuildFile; fileRef = BC1FFB21F54944459D25FBCE /* Pods_taskapp.framework */; };
		CBEBE0992553CE4A00DF3579 /* AppDelegate.swift in Sources */ = {isa = PBXBuildFile; fileRef = CBEBE0982553CE4A00DF3579 /* AppDelegate.swift */; };
		CBEBE09B2553CE4A00DF3579 /* SceneDelegate.swift in Sources */ = {isa = PBXBuildFile; fileRef = CBEBE09A2553CE4A00DF3579 /* SceneDelegate.swift */; };
		CBEBE09D2553CE4A00DF3579 /* ViewController.swift in Sources */ = {isa = PBXBuildFile; fileRef = CBEBE09C2553CE4A00DF3579 /* ViewController.swift */; };
		CBEBE0A02553CE4A00DF3579 /* Main.storyboard in Resources */ = {isa = PBXBuildFile; fileRef = CBEBE09E2553CE4A00DF3579 /* Main.storyboard */; };
		CBEBE0A22553CE4D00DF3579 /* Assets.xcassets in Resources */ = {isa = PBXBuildFile; fileRef = CBEBE0A12553CE4D00DF3579 /* Assets.xcassets */; };
		CBEBE0A52553CE4D00DF3579 /* LaunchScreen.storyboard in Resources */ = {isa = PBXBuildFile; fileRef = CBEBE0A32553CE4D00DF3579 /* LaunchScreen.storyboard */; };
		CBEBE0AD2553D12300DF3579 /* InputViewController.swift in Sources */ = {isa = PBXBuildFile; fileRef = CBEBE0AC2553D12300DF3579 /* InputViewController.swift */; };
/* End PBXBuildFile section */

/* Begin PBXFileReference section */
		0CE8560A8E38974D3ACB9A3C /* Pods-taskapp.debug.xcconfig */ = {isa = PBXFileReference; includeInIndex = 1; lastKnownFileType = text.xcconfig; name = "Pods-taskapp.debug.xcconfig"; path = "Target Support Files/Pods-taskapp/Pods-taskapp.debug.xcconfig"; sourceTree = "<group>"; };
		BC1FFB21F54944459D25FBCE /* Pods_taskapp.framework */ = {isa = PBXFileReference; explicitFileType = wrapper.framework; includeInIndex = 0; path = Pods_taskapp.framework; sourceTree = BUILT_PRODUCTS_DIR; };
		CBEBE0952553CE4A00DF3579 /* taskapp.app */ = {isa = PBXFileReference; explicitFileType = wrapper.application; includeInIndex = 0; path = taskapp.app; sourceTree = BUILT_PRODUCTS_DIR; };
		CBEBE0982553CE4A00DF3579 /* AppDelegate.swift */ = {isa = PBXFileReference; lastKnownFileType = sourcecode.swift; path = AppDelegate.swift; sourceTree = "<group>"; };
		CBEBE09A2553CE4A00DF3579 /* SceneDelegate.swift */ = {isa = PBXFileReference; lastKnownFileType = sourcecode.swift; path = SceneDelegate.swift; sourceTree = "<group>"; };
		CBEBE09C2553CE4A00DF3579 /* ViewController.swift */ = {isa = PBXFileReference; lastKnownFileType = sourcecode.swift; path = ViewController.swift; sourceTree = "<group>"; };
		CBEBE09F2553CE4A00DF3579 /* Base */ = {isa = PBXFileReference; lastKnownFileType = file.storyboard; name = Base; path = Base.lproj/Main.storyboard; sourceTree = "<group>"; };
		CBEBE0A12553CE4D00DF3579 /* Assets.xcassets */ = {isa = PBXFileReference; lastKnownFileType = folder.assetcatalog; path = Assets.xcassets; sourceTree = "<group>"; };
		CBEBE0A42553CE4D00DF3579 /* Base */ = {isa = PBXFileReference; lastKnownFileType = file.storyboard; name = Base; path = Base.lproj/LaunchScreen.storyboard; sourceTree = "<group>"; };
		CBEBE0A62553CE4D00DF3579 /* Info.plist */ = {isa = PBXFileReference; lastKnownFileType = text.plist.xml; path = Info.plist; sourceTree = "<group>"; };
		CBEBE0AC2553D12300DF3579 /* InputViewController.swift */ = {isa = PBXFileReference; lastKnownFileType = sourcecode.swift; path = InputViewController.swift; sourceTree = "<group>"; };
		E176F7E8163FCB962079D8D6 /* Pods-taskapp.release.xcconfig */ = {isa = PBXFileReference; includeInIndex = 1; lastKnownFileType = text.xcconfig; name = "Pods-taskapp.release.xcconfig"; path = "Target Support Files/Pods-taskapp/Pods-taskapp.release.xcconfig"; sourceTree = "<group>"; };
/* End PBXFileReference section */

/* Begin PBXFrameworksBuildPhase section */
		CBEBE0922553CE4A00DF3579 /* Frameworks */ = {
			isa = PBXFrameworksBuildPhase;
			buildActionMask = 2147483647;
			files = (
				AAB1656C2D93583D68823F51 /* Pods_taskapp.framework in Frameworks */,
			);
			runOnlyForDeploymentPostprocessing = 0;
		};
/* End PBXFrameworksBuildPhase section */

/* Begin PBXGroup section */
		891E7FAE3EBAEEE6495D080F /* Pods */ = {
			isa = PBXGroup;
			children = (
				0CE8560A8E38974D3ACB9A3C /* Pods-taskapp.debug.xcconfig */,
				E176F7E8163FCB962079D8D6 /* Pods-taskapp.release.xcconfig */,
			);
			name = Pods;
			path = Pods;
			sourceTree = "<group>";
		};
		CBEBE08C2553CE4A00DF3579 = {
			isa = PBXGroup;
			children = (
				CBEBE0972553CE4A00DF3579 /* taskapp */,
				CBEBE0962553CE4A00DF3579 /* Products */,
				891E7FAE3EBAEEE6495D080F /* Pods */,
				FE4DF79B60B2835B68D6EBF0 /* Frameworks */,
			);
			sourceTree = "<group>";
		};
		CBEBE0962553CE4A00DF3579 /* Products */ = {
			isa = PBXGroup;
			children = (
				CBEBE0952553CE4A00DF3579 /* taskapp.app */,
			);
			name = Products;
			sourceTree = "<group>";
		};
		CBEBE0972553CE4A00DF3579 /* taskapp */ = {
			isa = PBXGroup;
			children = (
				CBEBE0982553CE4A00DF3579 /* AppDelegate.swift */,
				CBEBE09A2553CE4A00DF3579 /* SceneDelegate.swift */,
				CBEBE09C2553CE4A00DF3579 /* ViewController.swift */,
				CBEBE0AC2553D12300DF3579 /* InputViewController.swift */,
				CBEBE09E2553CE4A00DF3579 /* Main.storyboard */,
				CBEBE0A12553CE4D00DF3579 /* Assets.xcassets */,
				CBEBE0A32553CE4D00DF3579 /* LaunchScreen.storyboard */,
				CBEBE0A62553CE4D00DF3579 /* Info.plist */,
			);
			path = taskapp;
			sourceTree = "<group>";
		};
		FE4DF79B60B2835B68D6EBF0 /* Frameworks */ = {
			isa = PBXGroup;
			children = (
				BC1FFB21F54944459D25FBCE /* Pods_taskapp.framework */,
			);
			name = Frameworks;
			sourceTree = "<group>";
		};
/* End PBXGroup section */

/* Begin PBXNativeTarget section */
		CBEBE0942553CE4A00DF3579 /* taskapp */ = {
			isa = PBXNativeTarget;
			buildConfigurationList = CBEBE0A92553CE4D00DF3579 /* Build configuration list for PBXNativeTarget "taskapp" */;
			buildPhases = (
				6E679E544D281A15B22DA9AE /* [CP] Check Pods Manifest.lock */,
				CBEBE0912553CE4A00DF3579 /* Sources */,
				CBEBE0922553CE4A00DF3579 /* Frameworks */,
				CBEBE0932553CE4A00DF3579 /* Resources */,
				99BF356C35E30B4ADEBA5CB5 /* [CP] Embed Pods Frameworks */,
			);
			buildRules = (
			);
			dependencies = (
			);
			name = taskapp;
			productName = taskapp;
			productReference = CBEBE0952553CE4A00DF3579 /* taskapp.app */;
			productType = "com.apple.product-type.application";
		};
/* End PBXNativeTarget section */

/* Begin PBXProject section */
		CBEBE08D2553CE4A00DF3579 /* Project object */ = {
			isa = PBXProject;
			attributes = {
				LastSwiftUpdateCheck = 1150;
				LastUpgradeCheck = 1150;
				ORGANIZATIONNAME = Yusuke.Murayama;
				TargetAttributes = {
					CBEBE0942553CE4A00DF3579 = {
						CreatedOnToolsVersion = 11.5;
					};
				};
			};
			buildConfigurationList = CBEBE0902553CE4A00DF3579 /* Build configuration list for PBXProject "taskapp" */;
			compatibilityVersion = "Xcode 9.3";
			developmentRegion = en;
			hasScannedForEncodings = 0;
			knownRegions = (
				en,
				Base,
			);
			mainGroup = CBEBE08C2553CE4A00DF3579;
			productRefGroup = CBEBE0962553CE4A00DF3579 /* Products */;
			projectDirPath = "";
			projectRoot = "";
			targets = (
				CBEBE0942553CE4A00DF3579 /* taskapp */,
			);
		};
/* End PBXProject section */

/* Begin PBXResourcesBuildPhase section */
		CBEBE0932553CE4A00DF3579 /* Resources */ = {
			isa = PBXResourcesBuildPhase;
			buildActionMask = 2147483647;
			files = (
				CBEBE0A52553CE4D00DF3579 /* LaunchScreen.storyboard in Resources */,
				CBEBE0A22553CE4D00DF3579 /* Assets.xcassets in Resources */,
				CBEBE0A02553CE4A00DF3579 /* Main.storyboard in Resources */,
			);
			runOnlyForDeploymentPostprocessing = 0;
		};
/* End PBXResourcesBuildPhase section */

/* Begin PBXShellScriptBuildPhase section */
		6E679E544D281A15B22DA9AE /* [CP] Check Pods Manifest.lock */ = {
			isa = PBXShellScriptBuildPhase;
			buildActionMask = 2147483647;
			files = (
			);
			inputFileListPaths = (
			);
			inputPaths = (
				"${PODS_PODFILE_DIR_PATH}/Podfile.lock",
				"${PODS_ROOT}/Manifest.lock",
			);
			name = "[CP] Check Pods Manifest.lock";
			outputFileListPaths = (
			);
			outputPaths = (
				"$(DERIVED_FILE_DIR)/Pods-taskapp-checkManifestLockResult.txt",
			);
			runOnlyForDeploymentPostprocessing = 0;
			shellPath = /bin/sh;
			shellScript = "diff \"${PODS_PODFILE_DIR_PATH}/Podfile.lock\" \"${PODS_ROOT}/Manifest.lock\" > /dev/null\nif [ $? != 0 ] ; then\n    # print error to STDERR\n    echo \"error: The sandbox is not in sync with the Podfile.lock. Run 'pod install' or update your CocoaPods installation.\" >&2\n    exit 1\nfi\n# This output is used by Xcode 'outputs' to avoid re-running this script phase.\necho \"SUCCESS\" > \"${SCRIPT_OUTPUT_FILE_0}\"\n";
			showEnvVarsInLog = 0;
		};
		99BF356C35E30B4ADEBA5CB5 /* [CP] Embed Pods Frameworks */ = {
			isa = PBXShellScriptBuildPhase;
			buildActionMask = 2147483647;
			files = (
			);
			inputFileListPaths = (
				"${PODS_ROOT}/Target Support Files/Pods-taskapp/Pods-taskapp-frameworks-${CONFIGURATION}-input-files.xcfilelist",
			);
			name = "[CP] Embed Pods Frameworks";
			outputFileListPaths = (
				"${PODS_ROOT}/Target Support Files/Pods-taskapp/Pods-taskapp-frameworks-${CONFIGURATION}-output-files.xcfilelist",
			);
			runOnlyForDeploymentPostprocessing = 0;
			shellPath = /bin/sh;
			shellScript = "\"${PODS_ROOT}/Target Support Files/Pods-taskapp/Pods-taskapp-frameworks.sh\"\n";
			showEnvVarsInLog = 0;
		};
/* End PBXShellScriptBuildPhase section */

/* Begin PBXSourcesBuildPhase section */
		CBEBE0912553CE4A00DF3579 /* Sources */ = {
			isa = PBXSourcesBuildPhase;
			buildActionMask = 2147483647;
			files = (
				CBEBE09D2553CE4A00DF3579 /* ViewController.swift in Sources */,
				CBEBE0992553CE4A00DF3579 /* AppDelegate.swift in Sources */,
				CBEBE09B2553CE4A00DF3579 /* SceneDelegate.swift in Sources */,
				CBEBE0AD2553D12300DF3579 /* InputViewController.swift in Sources */,
			);
			runOnlyForDeploymentPostprocessing = 0;
		};
/* End PBXSourcesBuildPhase section */

/* Begin PBXVariantGroup section */
		CBEBE09E2553CE4A00DF3579 /* Main.storyboard */ = {
			isa = PBXVariantGroup;
			children = (
				CBEBE09F2553CE4A00DF3579 /* Base */,
			);
			name = Main.storyboard;
			sourceTree = "<group>";
		};
		CBEBE0A32553CE4D00DF3579 /* LaunchScreen.storyboard */ = {
			isa = PBXVariantGroup;
			children = (
				CBEBE0A42553CE4D00DF3579 /* Base */,
			);
			name = LaunchScreen.storyboard;
			sourceTree = "<group>";
		};
/* End PBXVariantGroup section */

/* Begin XCBuildConfiguration section */
		CBEBE0A72553CE4D00DF3579 /* Debug */ = {
			isa = XCBuildConfiguration;
			buildSettings = {
				ALWAYS_SEARCH_USER_PATHS = NO;
				CLANG_ANALYZER_NONNULL = YES;
				CLANG_ANALYZER_NUMBER_OBJECT_CONVERSION = YES_AGGRESSIVE;
				CLANG_CXX_LANGUAGE_STANDARD = "gnu++14";
				CLANG_CXX_LIBRARY = "libc++";
				CLANG_ENABLE_MODULES = YES;
				CLANG_ENABLE_OBJC_ARC = YES;
				CLANG_ENABLE_OBJC_WEAK = YES;
				CLANG_WARN_BLOCK_CAPTURE_AUTORELEASING = YES;
				CLANG_WARN_BOOL_CONVERSION = YES;
				CLANG_WARN_COMMA = YES;
				CLANG_WARN_CONSTANT_CONVERSION = YES;
				CLANG_WARN_DEPRECATED_OBJC_IMPLEMENTATIONS = YES;
				CLANG_WARN_DIRECT_OBJC_ISA_USAGE = YES_ERROR;
				CLANG_WARN_DOCUMENTATION_COMMENTS = YES;
				CLANG_WARN_EMPTY_BODY = YES;
				CLANG_WARN_ENUM_CONVERSION = YES;
				CLANG_WARN_INFINITE_RECURSION = YES;
				CLANG_WARN_INT_CONVERSION = YES;
				CLANG_WARN_NON_LITERAL_NULL_CONVERSION = YES;
				CLANG_WARN_OBJC_IMPLICIT_RETAIN_SELF = YES;
				CLANG_WARN_OBJC_LITERAL_CONVERSION = YES;
				CLANG_WARN_OBJC_ROOT_CLASS = YES_ERROR;
				CLANG_WARN_RANGE_LOOP_ANALYSIS = YES;
				CLANG_WARN_STRICT_PROTOTYPES = YES;
				CLANG_WARN_SUSPICIOUS_MOVE = YES;
				CLANG_WARN_UNGUARDED_AVAILABILITY = YES_AGGRESSIVE;
				CLANG_WARN_UNREACHABLE_CODE = YES;
				CLANG_WARN__DUPLICATE_METHOD_MATCH = YES;
				COPY_PHASE_STRIP = NO;
				DEBUG_INFORMATION_FORMAT = dwarf;
				ENABLE_STRICT_OBJC_MSGSEND = YES;
				ENABLE_TESTABILITY = YES;
				GCC_C_LANGUAGE_STANDARD = gnu11;
				GCC_DYNAMIC_NO_PIC = NO;
				GCC_NO_COMMON_BLOCKS = YES;
				GCC_OPTIMIZATION_LEVEL = 0;
				GCC_PREPROCESSOR_DEFINITIONS = (
					"DEBUG=1",
					"$(inherited)",
				);
				GCC_WARN_64_TO_32_BIT_CONVERSION = YES;
				GCC_WARN_ABOUT_RETURN_TYPE = YES_ERROR;
				GCC_WARN_UNDECLARED_SELECTOR = YES;
				GCC_WARN_UNINITIALIZED_AUTOS = YES_AGGRESSIVE;
				GCC_WARN_UNUSED_FUNCTION = YES;
				GCC_WARN_UNUSED_VARIABLE = YES;
				IPHONEOS_DEPLOYMENT_TARGET = 13.5;
				MTL_ENABLE_DEBUG_INFO = INCLUDE_SOURCE;
				MTL_FAST_MATH = YES;
				ONLY_ACTIVE_ARCH = YES;
				SDKROOT = iphoneos;
				SWIFT_ACTIVE_COMPILATION_CONDITIONS = DEBUG;
				SWIFT_OPTIMIZATION_LEVEL = "-Onone";
			};
			name = Debug;
		};
		CBEBE0A82553CE4D00DF3579 /* Release */ = {
			isa = XCBuildConfiguration;
			buildSettings = {
				ALWAYS_SEARCH_USER_PATHS = NO;
				CLANG_ANALYZER_NONNULL = YES;
				CLANG_ANALYZER_NUMBER_OBJECT_CONVERSION = YES_AGGRESSIVE;
				CLANG_CXX_LANGUAGE_STANDARD = "gnu++14";
				CLANG_CXX_LIBRARY = "libc++";
				CLANG_ENABLE_MODULES = YES;
				CLANG_ENABLE_OBJC_ARC = YES;
				CLANG_ENABLE_OBJC_WEAK = YES;
				CLANG_WARN_BLOCK_CAPTURE_AUTORELEASING = YES;
				CLANG_WARN_BOOL_CONVERSION = YES;
				CLANG_WARN_COMMA = YES;
				CLANG_WARN_CONSTANT_CONVERSION = YES;
				CLANG_WARN_DEPRECATED_OBJC_IMPLEMENTATIONS = YES;
				CLANG_WARN_DIRECT_OBJC_ISA_USAGE = YES_ERROR;
				CLANG_WARN_DOCUMENTATION_COMMENTS = YES;
				CLANG_WARN_EMPTY_BODY = YES;
				CLANG_WARN_ENUM_CONVERSION = YES;
				CLANG_WARN_INFINITE_RECURSION = YES;
				CLANG_WARN_INT_CONVERSION = YES;
				CLANG_WARN_NON_LITERAL_NULL_CONVERSION = YES;
				CLANG_WARN_OBJC_IMPLICIT_RETAIN_SELF = YES;
				CLANG_WARN_OBJC_LITERAL_CONVERSION = YES;
				CLANG_WARN_OBJC_ROOT_CLASS = YES_ERROR;
				CLANG_WARN_RANGE_LOOP_ANALYSIS = YES;
				CLANG_WARN_STRICT_PROTOTYPES = YES;
				CLANG_WARN_SUSPICIOUS_MOVE = YES;
				CLANG_WARN_UNGUARDED_AVAILABILITY = YES_AGGRESSIVE;
				CLANG_WARN_UNREACHABLE_CODE = YES;
				CLANG_WARN__DUPLICATE_METHOD_MATCH = YES;
				COPY_PHASE_STRIP = NO;
				DEBUG_INFORMATION_FORMAT = "dwarf-with-dsym";
				ENABLE_NS_ASSERTIONS = NO;
				ENABLE_STRICT_OBJC_MSGSEND = YES;
				GCC_C_LANGUAGE_STANDARD = gnu11;
				GCC_NO_COMMON_BLOCKS = YES;
				GCC_WARN_64_TO_32_BIT_CONVERSION = YES;
				GCC_WARN_ABOUT_RETURN_TYPE = YES_ERROR;
				GCC_WARN_UNDECLARED_SELECTOR = YES;
				GCC_WARN_UNINITIALIZED_AUTOS = YES_AGGRESSIVE;
				GCC_WARN_UNUSED_FUNCTION = YES;
				GCC_WARN_UNUSED_VARIABLE = YES;
				IPHONEOS_DEPLOYMENT_TARGET = 13.5;
				MTL_ENABLE_DEBUG_INFO = NO;
				MTL_FAST_MATH = YES;
				SDKROOT = iphoneos;
				SWIFT_COMPILATION_MODE = wholemodule;
				SWIFT_OPTIMIZATION_LEVEL = "-O";
				VALIDATE_PRODUCT = YES;
			};
			name = Release;
		};
		CBEBE0AA2553CE4D00DF3579 /* Debug */ = {
			isa = XCBuildConfiguration;
			baseConfigurationReference = 0CE8560A8E38974D3ACB9A3C /* Pods-taskapp.debug.xcconfig */;
			buildSettings = {
				ASSETCATALOG_COMPILER_APPICON_NAME = AppIcon;
				CODE_SIGN_STYLE = Automatic;
				DEVELOPMENT_TEAM = YH73XZSZGX;
				INFOPLIST_FILE = taskapp/Info.plist;
				LD_RUNPATH_SEARCH_PATHS = (
					"$(inherited)",
					"@executable_path/Frameworks",
				);
				PRODUCT_BUNDLE_IDENTIFIER = jp.techacademy.yusuke.murayama.taskapp;
				PRODUCT_NAME = "$(TARGET_NAME)";
				SWIFT_VERSION = 5.0;
				TARGETED_DEVICE_FAMILY = 1;
			};
			name = Debug;
		};
		CBEBE0AB2553CE4D00DF3579 /* Release */ = {
			isa = XCBuildConfiguration;
			baseConfigurationReference = E176F7E8163FCB962079D8D6 /* Pods-taskapp.release.xcconfig */;
			buildSettings = {
				ASSETCATALOG_COMPILER_APPICON_NAME = AppIcon;
				CODE_SIGN_STYLE = Automatic;
				DEVELOPMENT_TEAM = YH73XZSZGX;
				INFOPLIST_FILE = taskapp/Info.plist;
				LD_RUNPATH_SEARCH_PATHS = (
					"$(inherited)",
					"@executable_path/Frameworks",
				);
				PRODUCT_BUNDLE_IDENTIFIER = jp.techacademy.yusuke.murayama.taskapp;
				PRODUCT_NAME = "$(TARGET_NAME)";
				SWIFT_VERSION = 5.0;
				TARGETED_DEVICE_FAMILY = 1;
			};
			name = Release;
		};
/* End XCBuildConfiguration section */

/* Begin XCConfigurationList section */
		CBEBE0902553CE4A00DF3579 /* Build configuration list for PBXProject "taskapp" */ = {
			isa = XCConfigurationList;
			buildConfigurations = (
				CBEBE0A72553CE4D00DF3579 /* Debug */,
				CBEBE0A82553CE4D00DF3579 /* Release */,
			);
			defaultConfigurationIsVisible = 0;
			defaultConfigurationName = Release;
		};
		CBEBE0A92553CE4D00DF3579 /* Build configuration list for PBXNativeTarget "taskapp" */ = {
			isa = XCConfigurationList;
			buildConfigurations = (
				CBEBE0AA2553CE4D00DF3579 /* Debug */,
				CBEBE0AB2553CE4D00DF3579 /* Release */,
			);
			defaultConfigurationIsVisible = 0;
			defaultConfigurationName = Release;
		};
/* End XCConfigurationList section */
	};
	rootObject = CBEBE08D2553CE4A00DF3579 /* Project object */;
}
